// !$*UTF8*$!
{
	archiveVersion = 1;
	classes = {
	};
	objectVersion = 50;
	objects = {

/* Begin PBXBuildFile section */
		0116BE7B2447CA68000DFBA5 /* AppDelegate.swift in Sources */ = {isa = PBXBuildFile; fileRef = 0116BE7A2447CA68000DFBA5 /* AppDelegate.swift */; };
		0116BE7D2447CA68000DFBA5 /* SceneDelegate.swift in Sources */ = {isa = PBXBuildFile; fileRef = 0116BE7C2447CA68000DFBA5 /* SceneDelegate.swift */; };
		0116BE7F2447CA68000DFBA5 /* ContentView.swift in Sources */ = {isa = PBXBuildFile; fileRef = 0116BE7E2447CA68000DFBA5 /* ContentView.swift */; };
		0116BE812447CA6B000DFBA5 /* Assets.xcassets in Resources */ = {isa = PBXBuildFile; fileRef = 0116BE802447CA6B000DFBA5 /* Assets.xcassets */; };
		0116BE842447CA6B000DFBA5 /* Preview Assets.xcassets in Resources */ = {isa = PBXBuildFile; fileRef = 0116BE832447CA6B000DFBA5 /* Preview Assets.xcassets */; };
		0116BE872447CA6B000DFBA5 /* LaunchScreen.storyboard in Resources */ = {isa = PBXBuildFile; fileRef = 0116BE852447CA6B000DFBA5 /* LaunchScreen.storyboard */; };
		0116BE902447D195000DFBA5 /* NetworkManager.swift in Sources */ = {isa = PBXBuildFile; fileRef = 0116BE8F2447D195000DFBA5 /* NetworkManager.swift */; };
		0116BE922447D3AB000DFBA5 /* PostData.swift in Sources */ = {isa = PBXBuildFile; fileRef = 0116BE912447D3AB000DFBA5 /* PostData.swift */; };
		0116BE952447E649000DFBA5 /* DetailView.swift in Sources */ = {isa = PBXBuildFile; fileRef = 0116BE942447E649000DFBA5 /* DetailView.swift */; };
		019D016B244851A800BE4515 /* WebView.swift in Sources */ = {isa = PBXBuildFile; fileRef = 019D016A244851A800BE4515 /* WebView.swift */; };
/* End PBXBuildFile section */

/* Begin PBXFileReference section */
		0116BE772447CA68000DFBA5 /* H04X0R News.app */ = {isa = PBXFileReference; explicitFileType = wrapper.application; includeInIndex = 0; path = "H04X0R News.app"; sourceTree = BUILT_PRODUCTS_DIR; };
		0116BE7A2447CA68000DFBA5 /* AppDelegate.swift */ = {isa = PBXFileReference; lastKnownFileType = sourcecode.swift; path = AppDelegate.swift; sourceTree = "<group>"; };
		0116BE7C2447CA68000DFBA5 /* SceneDelegate.swift */ = {isa = PBXFileReference; lastKnownFileType = sourcecode.swift; path = SceneDelegate.swift; sourceTree = "<group>"; };
		0116BE7E2447CA68000DFBA5 /* ContentView.swift */ = {isa = PBXFileReference; lastKnownFileType = sourcecode.swift; path = ContentView.swift; sourceTree = "<group>"; };
		0116BE802447CA6B000DFBA5 /* Assets.xcassets */ = {isa = PBXFileReference; lastKnownFileType = folder.assetcatalog; path = Assets.xcassets; sourceTree = "<group>"; };
		0116BE832447CA6B000DFBA5 /* Preview Assets.xcassets */ = {isa = PBXFileReference; lastKnownFileType = folder.assetcatalog; path = "Preview Assets.xcassets"; sourceTree = "<group>"; };
		0116BE862447CA6B000DFBA5 /* Base */ = {isa = PBXFileReference; lastKnownFileType = file.storyboard; name = Base; path = Base.lproj/LaunchScreen.storyboard; sourceTree = "<group>"; };
		0116BE882447CA6B000DFBA5 /* Info.plist */ = {isa = PBXFileReference; lastKnownFileType = text.plist.xml; path = Info.plist; sourceTree = "<group>"; };
		0116BE8F2447D195000DFBA5 /* NetworkManager.swift */ = {isa = PBXFileReference; lastKnownFileType = sourcecode.swift; path = NetworkManager.swift; sourceTree = "<group>"; };
		0116BE912447D3AB000DFBA5 /* PostData.swift */ = {isa = PBXFileReference; lastKnownFileType = sourcecode.swift; path = PostData.swift; sourceTree = "<group>"; };
		0116BE942447E649000DFBA5 /* DetailView.swift */ = {isa = PBXFileReference; lastKnownFileType = sourcecode.swift; path = DetailView.swift; sourceTree = "<group>"; };
		019D016A244851A800BE4515 /* WebView.swift */ = {isa = PBXFileReference; lastKnownFileType = sourcecode.swift; path = WebView.swift; sourceTree = "<group>"; };
		019D016C24485A1700BE4515 /* H04X0R News.entitlements */ = {isa = PBXFileReference; lastKnownFileType = text.plist.entitlements; path = "H04X0R News.entitlements"; sourceTree = "<group>"; };
/* End PBXFileReference section */

/* Begin PBXFrameworksBuildPhase section */
		0116BE742447CA68000DFBA5 /* Frameworks */ = {
			isa = PBXFrameworksBuildPhase;
			buildActionMask = 2147483647;
			files = (
			);
			runOnlyForDeploymentPostprocessing = 0;
		};
/* End PBXFrameworksBuildPhase section */

/* Begin PBXGroup section */
		0116BE6E2447CA68000DFBA5 = {
			isa = PBXGroup;
			children = (
				0116BE792447CA68000DFBA5 /* H04X0R News */,
				0116BE782447CA68000DFBA5 /* Products */,
			);
			sourceTree = "<group>";
		};
		0116BE782447CA68000DFBA5 /* Products */ = {
			isa = PBXGroup;
			children = (
				0116BE772447CA68000DFBA5 /* H04X0R News.app */,
			);
			name = Products;
			sourceTree = "<group>";
		};
		0116BE792447CA68000DFBA5 /* H04X0R News */ = {
			isa = PBXGroup;
			children = (
				019D016C24485A1700BE4515 /* H04X0R News.entitlements */,
				0116BE8E2447D16E000DFBA5 /* models */,
				0116BE7A2447CA68000DFBA5 /* AppDelegate.swift */,
				0116BE7C2447CA68000DFBA5 /* SceneDelegate.swift */,
				0116BE932447E627000DFBA5 /* views */,
				0116BE802447CA6B000DFBA5 /* Assets.xcassets */,
				0116BE852447CA6B000DFBA5 /* LaunchScreen.storyboard */,
				0116BE882447CA6B000DFBA5 /* Info.plist */,
				0116BE822447CA6B000DFBA5 /* Preview Content */,
			);
			path = "H04X0R News";
			sourceTree = "<group>";
		};
		0116BE822447CA6B000DFBA5 /* Preview Content */ = {
			isa = PBXGroup;
			children = (
				0116BE832447CA6B000DFBA5 /* Preview Assets.xcassets */,
			);
			path = "Preview Content";
			sourceTree = "<group>";
		};
		0116BE8E2447D16E000DFBA5 /* models */ = {
			isa = PBXGroup;
			children = (
				0116BE8F2447D195000DFBA5 /* NetworkManager.swift */,
				0116BE912447D3AB000DFBA5 /* PostData.swift */,
			);
			path = models;
			sourceTree = "<group>";
		};
		0116BE932447E627000DFBA5 /* views */ = {
			isa = PBXGroup;
			children = (
				0116BE7E2447CA68000DFBA5 /* ContentView.swift */,
				0116BE942447E649000DFBA5 /* DetailView.swift */,
				019D016A244851A800BE4515 /* WebView.swift */,
			);
			path = views;
			sourceTree = "<group>";
		};
/* End PBXGroup section */

/* Begin PBXNativeTarget section */
		0116BE762447CA68000DFBA5 /* H04X0R News */ = {
			isa = PBXNativeTarget;
			buildConfigurationList = 0116BE8B2447CA6B000DFBA5 /* Build configuration list for PBXNativeTarget "H04X0R News" */;
			buildPhases = (
				0116BE732447CA68000DFBA5 /* Sources */,
				0116BE742447CA68000DFBA5 /* Frameworks */,
				0116BE752447CA68000DFBA5 /* Resources */,
			);
			buildRules = (
			);
			dependencies = (
			);
			name = "H04X0R News";
			productName = "H04X0R News";
			productReference = 0116BE772447CA68000DFBA5 /* H04X0R News.app */;
			productType = "com.apple.product-type.application";
		};
/* End PBXNativeTarget section */

/* Begin PBXProject section */
		0116BE6F2447CA68000DFBA5 /* Project object */ = {
			isa = PBXProject;
			attributes = {
				LastSwiftUpdateCheck = 1130;
				LastUpgradeCheck = 1130;
				ORGANIZATIONNAME = Naveen;
				TargetAttributes = {
					0116BE762447CA68000DFBA5 = {
						CreatedOnToolsVersion = 11.3.1;
					};
				};
			};
			buildConfigurationList = 0116BE722447CA68000DFBA5 /* Build configuration list for PBXProject "H04X0R News" */;
			compatibilityVersion = "Xcode 9.3";
			developmentRegion = en;
			hasScannedForEncodings = 0;
			knownRegions = (
				en,
				Base,
			);
			mainGroup = 0116BE6E2447CA68000DFBA5;
			productRefGroup = 0116BE782447CA68000DFBA5 /* Products */;
			projectDirPath = "";
			projectRoot = "";
			targets = (
				0116BE762447CA68000DFBA5 /* H04X0R News */,
			);
		};
/* End PBXProject section */

/* Begin PBXResourcesBuildPhase section */
		0116BE752447CA68000DFBA5 /* Resources */ = {
			isa = PBXResourcesBuildPhase;
			buildActionMask = 2147483647;
			files = (
				0116BE872447CA6B000DFBA5 /* LaunchScreen.storyboard in Resources */,
				0116BE842447CA6B000DFBA5 /* Preview Assets.xcassets in Resources */,
				0116BE812447CA6B000DFBA5 /* Assets.xcassets in Resources */,
			);
			runOnlyForDeploymentPostprocessing = 0;
		};
/* End PBXResourcesBuildPhase section */

/* Begin PBXSourcesBuildPhase section */
		0116BE732447CA68000DFBA5 /* Sources */ = {
			isa = PBXSourcesBuildPhase;
			buildActionMask = 2147483647;
			files = (
				0116BE922447D3AB000DFBA5 /* PostData.swift in Sources */,
				0116BE952447E649000DFBA5 /* DetailView.swift in Sources */,
				0116BE902447D195000DFBA5 /* NetworkManager.swift in Sources */,
				0116BE7B2447CA68000DFBA5 /* AppDelegate.swift in Sources */,
				0116BE7D2447CA68000DFBA5 /* SceneDelegate.swift in Sources */,
				0116BE7F2447CA68000DFBA5 /* ContentView.swift in Sources */,
				019D016B244851A800BE4515 /* WebView.swift in Sources */,
			);
			runOnlyForDeploymentPostprocessing = 0;
		};
/* End PBXSourcesBuildPhase section */

/* Begin PBXVariantGroup section */
		0116BE852447CA6B000DFBA5 /* LaunchScreen.storyboard */ = {
			isa = PBXVariantGroup;
			children = (
				0116BE862447CA6B000DFBA5 /* Base */,
			);
			name = LaunchScreen.storyboard;
			sourceTree = "<group>";
		};
/* End PBXVariantGroup section */

/* Begin XCBuildConfiguration section */
		0116BE892447CA6B000DFBA5 /* Debug */ = {
			isa = XCBuildConfiguration;
			buildSettings = {
				ALWAYS_SEARCH_USER_PATHS = NO;
				CLANG_ANALYZER_NONNULL = YES;
				CLANG_ANALYZER_NUMBER_OBJECT_CONVERSION = YES_AGGRESSIVE;
				CLANG_CXX_LANGUAGE_STANDARD = "gnu++14";
				CLANG_CXX_LIBRARY = "libc++";
				CLANG_ENABLE_MODULES = YES;
				CLANG_ENABLE_OBJC_ARC = YES;
				CLANG_ENABLE_OBJC_WEAK = YES;
				CLANG_WARN_BLOCK_CAPTURE_AUTORELEASING = YES;
				CLANG_WARN_BOOL_CONVERSION = YES;
				CLANG_WARN_COMMA = YES;
				CLANG_WARN_CONSTANT_CONVERSION = YES;
				CLANG_WARN_DEPRECATED_OBJC_IMPLEMENTATIONS = YES;
				CLANG_WARN_DIRECT_OBJC_ISA_USAGE = YES_ERROR;
				CLANG_WARN_DOCUMENTATION_COMMENTS = YES;
				CLANG_WARN_EMPTY_BODY = YES;
				CLANG_WARN_ENUM_CONVERSION = YES;
				CLANG_WARN_INFINITE_RECURSION = YES;
				CLANG_WARN_INT_CONVERSION = YES;
				CLANG_WARN_NON_LITERAL_NULL_CONVERSION = YES;
				CLANG_WARN_OBJC_IMPLICIT_RETAIN_SELF = YES;
				CLANG_WARN_OBJC_LITERAL_CONVERSION = YES;
				CLANG_WARN_OBJC_ROOT_CLASS = YES_ERROR;
				CLANG_WARN_RANGE_LOOP_ANALYSIS = YES;
				CLANG_WARN_STRICT_PROTOTYPES = YES;
				CLANG_WARN_SUSPICIOUS_MOVE = YES;
				CLANG_WARN_UNGUARDED_AVAILABILITY = YES_AGGRESSIVE;
				CLANG_WARN_UNREACHABLE_CODE = YES;
				CLANG_WARN__DUPLICATE_METHOD_MATCH = YES;
				COPY_PHASE_STRIP = NO;
				DEBUG_INFORMATION_FORMAT = dwarf;
				ENABLE_STRICT_OBJC_MSGSEND = YES;
				ENABLE_TESTABILITY = YES;
				GCC_C_LANGUAGE_STANDARD = gnu11;
				GCC_DYNAMIC_NO_PIC = NO;
				GCC_NO_COMMON_BLOCKS = YES;
				GCC_OPTIMIZATION_LEVEL = 0;
				GCC_PREPROCESSOR_DEFINITIONS = (
					"DEBUG=1",
					"$(inherited)",
				);
				GCC_WARN_64_TO_32_BIT_CONVERSION = YES;
				GCC_WARN_ABOUT_RETURN_TYPE = YES_ERROR;
				GCC_WARN_UNDECLARED_SELECTOR = YES;
				GCC_WARN_UNINITIALIZED_AUTOS = YES_AGGRESSIVE;
				GCC_WARN_UNUSED_FUNCTION = YES;
				GCC_WARN_UNUSED_VARIABLE = YES;
				IPHONEOS_DEPLOYMENT_TARGET = 13.2;
				MTL_ENABLE_DEBUG_INFO = INCLUDE_SOURCE;
				MTL_FAST_MATH = YES;
				ONLY_ACTIVE_ARCH = YES;
				SDKROOT = iphoneos;
				SWIFT_ACTIVE_COMPILATION_CONDITIONS = DEBUG;
				SWIFT_OPTIMIZATION_LEVEL = "-Onone";
			};
			name = Debug;
		};
		0116BE8A2447CA6B000DFBA5 /* Release */ = {
			isa = XCBuildConfiguration;
			buildSettings = {
				ALWAYS_SEARCH_USER_PATHS = NO;
				CLANG_ANALYZER_NONNULL = YES;
				CLANG_ANALYZER_NUMBER_OBJECT_CONVERSION = YES_AGGRESSIVE;
				CLANG_CXX_LANGUAGE_STANDARD = "gnu++14";
				CLANG_CXX_LIBRARY = "libc++";
				CLANG_ENABLE_MODULES = YES;
				CLANG_ENABLE_OBJC_ARC = YES;
				CLANG_ENABLE_OBJC_WEAK = YES;
				CLANG_WARN_BLOCK_CAPTURE_AUTORELEASING = YES;
				CLANG_WARN_BOOL_CONVERSION = YES;
				CLANG_WARN_COMMA = YES;
				CLANG_WARN_CONSTANT_CONVERSION = YES;
				CLANG_WARN_DEPRECATED_OBJC_IMPLEMENTATIONS = YES;
				CLANG_WARN_DIRECT_OBJC_ISA_USAGE = YES_ERROR;
				CLANG_WARN_DOCUMENTATION_COMMENTS = YES;
				CLANG_WARN_EMPTY_BODY = YES;
				CLANG_WARN_ENUM_CONVERSION = YES;
				CLANG_WARN_INFINITE_RECURSION = YES;
				CLANG_WARN_INT_CONVERSION = YES;
				CLANG_WARN_NON_LITERAL_NULL_CONVERSION = YES;
				CLANG_WARN_OBJC_IMPLICIT_RETAIN_SELF = YES;
				CLANG_WARN_OBJC_LITERAL_CONVERSION = YES;
				CLANG_WARN_OBJC_ROOT_CLASS = YES_ERROR;
				CLANG_WARN_RANGE_LOOP_ANALYSIS = YES;
				CLANG_WARN_STRICT_PROTOTYPES = YES;
				CLANG_WARN_SUSPICIOUS_MOVE = YES;
				CLANG_WARN_UNGUARDED_AVAILABILITY = YES_AGGRESSIVE;
				CLANG_WARN_UNREACHABLE_CODE = YES;
				CLANG_WARN__DUPLICATE_METHOD_MATCH = YES;
				COPY_PHASE_STRIP = NO;
				DEBUG_INFORMATION_FORMAT = "dwarf-with-dsym";
				ENABLE_NS_ASSERTIONS = NO;
				ENABLE_STRICT_OBJC_MSGSEND = YES;
				GCC_C_LANGUAGE_STANDARD = gnu11;
				GCC_NO_COMMON_BLOCKS = YES;
				GCC_WARN_64_TO_32_BIT_CONVERSION = YES;
				GCC_WARN_ABOUT_RETURN_TYPE = YES_ERROR;
				GCC_WARN_UNDECLARED_SELECTOR = YES;
				GCC_WARN_UNINITIALIZED_AUTOS = YES_AGGRESSIVE;
				GCC_WARN_UNUSED_FUNCTION = YES;
				GCC_WARN_UNUSED_VARIABLE = YES;
				IPHONEOS_DEPLOYMENT_TARGET = 13.2;
				MTL_ENABLE_DEBUG_INFO = NO;
				MTL_FAST_MATH = YES;
				SDKROOT = iphoneos;
				SWIFT_COMPILATION_MODE = wholemodule;
				SWIFT_OPTIMIZATION_LEVEL = "-O";
				VALIDATE_PRODUCT = YES;
			};
			name = Release;
		};
		0116BE8C2447CA6B000DFBA5 /* Debug */ = {
			isa = XCBuildConfiguration;
			buildSettings = {
				ASSETCATALOG_COMPILER_APPICON_NAME = AppIcon;
				CODE_SIGN_ENTITLEMENTS = "H04X0R News/H04X0R News.entitlements";
				"CODE_SIGN_IDENTITY[sdk=macosx*]" = "Apple Development";
				CODE_SIGN_STYLE = Automatic;
				DERIVE_MACCATALYST_PRODUCT_BUNDLE_IDENTIFIER = YES;
				DEVELOPMENT_ASSET_PATHS = "\"H04X0R News/Preview Content\"";
				DEVELOPMENT_TEAM = U4TW6DLDUS;
				ENABLE_PREVIEWS = YES;
				INFOPLIST_FILE = "H04X0R News/Info.plist";
				LD_RUNPATH_SEARCH_PATHS = (
					"$(inherited)",
					"@executable_path/Frameworks",
				);
				PRODUCT_BUNDLE_IDENTIFIER = "stevefinney.H04X0R-News";
				PRODUCT_NAME = "$(TARGET_NAME)";
				SUPPORTS_MACCATALYST = YES;
				SWIFT_VERSION = 5.0;
				TARGETED_DEVICE_FAMILY = "1,2";
			};
			name = Debug;
		};
		0116BE8D2447CA6B000DFBA5 /* Release */ = {
			isa = XCBuildConfiguration;
			buildSettings = {
				ASSETCATALOG_COMPILER_APPICON_NAME = AppIcon;
				CODE_SIGN_ENTITLEMENTS = "H04X0R News/H04X0R News.entitlements";
				"CODE_SIGN_IDENTITY[sdk=macosx*]" = "Apple Development";
				CODE_SIGN_STYLE = Automatic;
				DERIVE_MACCATALYST_PRODUCT_BUNDLE_IDENTIFIER = YES;
				DEVELOPMENT_ASSET_PATHS = "\"H04X0R News/Preview Content\"";
				DEVELOPMENT_TEAM = U4TW6DLDUS;
				ENABLE_PREVIEWS = YES;
				INFOPLIST_FILE = "H04X0R News/Info.plist";
				LD_RUNPATH_SEARCH_PATHS = (
					"$(inherited)",
					"@executable_path/Frameworks",
				);
				PRODUCT_BUNDLE_IDENTIFIER = "stevefinney.H04X0R-News";
				PRODUCT_NAME = "$(TARGET_NAME)";
				SUPPORTS_MACCATALYST = YES;
				SWIFT_VERSION = 5.0;
				TARGETED_DEVICE_FAMILY = "1,2";
			};
			name = Release;
		};
/* End XCBuildConfiguration section */

/* Begin XCConfigurationList section */
		0116BE722447CA68000DFBA5 /* Build configuration list for PBXProject "H04X0R News" */ = {
			isa = XCConfigurationList;
			buildConfigurations = (
				0116BE892447CA6B000DFBA5 /* Debug */,
				0116BE8A2447CA6B000DFBA5 /* Release */,
			);
			defaultConfigurationIsVisible = 0;
			defaultConfigurationName = Release;
		};
		0116BE8B2447CA6B000DFBA5 /* Build configuration list for PBXNativeTarget "H04X0R News" */ = {
			isa = XCConfigurationList;
			buildConfigurations = (
				0116BE8C2447CA6B000DFBA5 /* Debug */,
				0116BE8D2447CA6B000DFBA5 /* Release */,
			);
			defaultConfigurationIsVisible = 0;
			defaultConfigurationName = Release;
		};
/* End XCConfigurationList section */
	};
	rootObject = 0116BE6F2447CA68000DFBA5 /* Project object */;
}
